{
  "originHash" : "49b1d4e176912ea86a83883c3af0e802c51d20f6d45d5438184e0cf3da1b63b8",
  "pins" : [
    {
      "identity" : "swift-argument-parser",
      "kind" : "remoteSourceControl",
      "location" : "https://github.com/apple/swift-argument-parser.git",
      "state" : {
        "revision" : "309a47b2b1d9b5e991f36961c983ecec72275be3",
        "version" : "1.6.1"
      }
    },
    {
      "identity" : "yams",
      "kind" : "remoteSourceControl",
      "location" : "https://github.com/jpsim/Yams.git",
      "state" : {
        "revision" : "d41ba4e7164c0838c6d48351f7575f7f762151fe",
        "version" : "6.1.0"
      }
    }
  ],
  "version" : 3
}
